
Microsoft Visual Studio Solution File, Format Version 12.00
# Visual Studio 15
VisualStudioVersion = 15.0.27703.2047
MinimumVisualStudioVersion = 10.0.40219.1
Project("{FAE04EC0-301F-11D3-BF4B-00C04F79EFBC}") = "Lab_7_(ASP.NET Core)", "Lab_7_(ASP.NET Core)\Lab_7_(ASP.NET Core).csproj", "{F5E8FDE7-BE9D-42C9-B2D4-3E783DE0CD7F}"
EndProject
Global
	GlobalSection(SolutionConfigurationPlatforms) = preSolution
		Debug|Any CPU = Debug|Any CPU
		Release|Any CPU = Release|Any CPU
	EndGlobalSection
	GlobalSection(ProjectConfigurationPlatforms) = postSolution
		{F5E8FDE7-BE9D-42C9-B2D4-3E783DE0CD7F}.Debug|Any CPU.ActiveCfg = Debug|Any CPU
		{F5E8FDE7-BE9D-42C9-B2D4-3E783DE0CD7F}.Debug|Any CPU.Build.0 = Debug|Any CPU
		{F5E8FDE7-BE9D-42C9-B2D4-3E783DE0CD7F}.Release|Any CPU.ActiveCfg = Release|Any CPU
		{F5E8FDE7-BE9D-42C9-B2D4-3E783DE0CD7F}.Release|Any CPU.Build.0 = Release|Any CPU
	EndGlobalSection
	GlobalSection(SolutionProperties) = preSolution
		HideSolutionNode = FALSE
	EndGlobalSection
	GlobalSection(ExtensibilityGlobals) = postSolution
		SolutionGuid = {B0CBC4A4-1A73-4EF8-9164-11F450690D00}
	EndGlobalSection
EndGlobal
